
Microsoft Visual Studio Solution File, Format Version 12.00
Project("{FAE04EC0-301F-11D3-BF4B-00C04F79EFBC}") = "Power2Method", "Power2Method\Power2Method.csproj", "{C4C1A2B6-433F-445D-904D-6F16A74CA20B}"
EndProject
Project("{FAE04EC0-301F-11D3-BF4B-00C04F79EFBC}") = "FamousQuotes", "FamousQuotes\FamousQuotes.csproj", "{A63D6F45-6ABE-4712-8ED5-0DCDB7856738}"
EndProject
Project("{FAE04EC0-301F-11D3-BF4B-00C04F79EFBC}") = "Lucas", "Lucas\Lucas.csproj", "{4D1A4FA0-7FDC-4A7A-A489-FD6306917BCB}"
EndProject
Global
	GlobalSection(SolutionConfigurationPlatforms) = preSolution
		Debug|Any CPU = Debug|Any CPU
		Release|Any CPU = Release|Any CPU
	EndGlobalSection
	GlobalSection(ProjectConfigurationPlatforms) = postSolution
		{C4C1A2B6-433F-445D-904D-6F16A74CA20B}.Debug|Any CPU.ActiveCfg = Debug|Any CPU
		{C4C1A2B6-433F-445D-904D-6F16A74CA20B}.Debug|Any CPU.Build.0 = Debug|Any CPU
		{C4C1A2B6-433F-445D-904D-6F16A74CA20B}.Release|Any CPU.ActiveCfg = Release|Any CPU
		{C4C1A2B6-433F-445D-904D-6F16A74CA20B}.Release|Any CPU.Build.0 = Release|Any CPU
		{A63D6F45-6ABE-4712-8ED5-0DCDB7856738}.Debug|Any CPU.ActiveCfg = Debug|Any CPU
		{A63D6F45-6ABE-4712-8ED5-0DCDB7856738}.Debug|Any CPU.Build.0 = Debug|Any CPU
		{A63D6F45-6ABE-4712-8ED5-0DCDB7856738}.Release|Any CPU.ActiveCfg = Release|Any CPU
		{A63D6F45-6ABE-4712-8ED5-0DCDB7856738}.Release|Any CPU.Build.0 = Release|Any CPU
		{4D1A4FA0-7FDC-4A7A-A489-FD6306917BCB}.Debug|Any CPU.ActiveCfg = Debug|Any CPU
		{4D1A4FA0-7FDC-4A7A-A489-FD6306917BCB}.Debug|Any CPU.Build.0 = Debug|Any CPU
		{4D1A4FA0-7FDC-4A7A-A489-FD6306917BCB}.Release|Any CPU.ActiveCfg = Release|Any CPU
		{4D1A4FA0-7FDC-4A7A-A489-FD6306917BCB}.Release|Any CPU.Build.0 = Release|Any CPU
	EndGlobalSection
EndGlobal
