
Microsoft Visual Studio Solution File, Format Version 12.00
Project("{FAE04EC0-301F-11D3-BF4B-00C04F79EFBC}") = "Power2Method", "Power2Method\Power2Method.csproj", "{C4C1A2B6-433F-445D-904D-6F16A74CA20B}"
EndProject
Global
	GlobalSection(SolutionConfigurationPlatforms) = preSolution
		Debug|Any CPU = Debug|Any CPU
		Release|Any CPU = Release|Any CPU
	EndGlobalSection
	GlobalSection(ProjectConfigurationPlatforms) = postSolution
		{C4C1A2B6-433F-445D-904D-6F16A74CA20B}.Debug|Any CPU.ActiveCfg = Debug|Any CPU
		{C4C1A2B6-433F-445D-904D-6F16A74CA20B}.Debug|Any CPU.Build.0 = Debug|Any CPU
		{C4C1A2B6-433F-445D-904D-6F16A74CA20B}.Release|Any CPU.ActiveCfg = Release|Any CPU
		{C4C1A2B6-433F-445D-904D-6F16A74CA20B}.Release|Any CPU.Build.0 = Release|Any CPU
	EndGlobalSection
EndGlobal
